// !$*UTF8*$!
{
	archiveVersion = 1;
	classes = {
	};
	objectVersion = 55;
	objects = {

/* Begin PBXBuildFile section */
		C9888567273A998900708A7A /* OmdbSearchMovieDetails.docc in Sources */ = {isa = PBXBuildFile; fileRef = C9888566273A998900708A7A /* OmdbSearchMovieDetails.docc */; };
		C988856D273A998900708A7A /* OmdbSearchMovieDetails.framework in Frameworks */ = {isa = PBXBuildFile; fileRef = C9888562273A998900708A7A /* OmdbSearchMovieDetails.framework */; };
		C9888573273A998900708A7A /* OmdbSearchMovieDetails.h in Headers */ = {isa = PBXBuildFile; fileRef = C9888565273A998900708A7A /* OmdbSearchMovieDetails.h */; settings = {ATTRIBUTES = (Public, ); }; };
		C9888580273A9C4C00708A7A /* SearchAndMovieDetailsModel.swift in Sources */ = {isa = PBXBuildFile; fileRef = C988857F273A9C4C00708A7A /* SearchAndMovieDetailsModel.swift */; };
		C9888582273A9D3100708A7A /* SearchViewModel.swift in Sources */ = {isa = PBXBuildFile; fileRef = C9888581273A9D3100708A7A /* SearchViewModel.swift */; };
		C9888587273A9DB200708A7A /* RepositoryProtocols.swift in Sources */ = {isa = PBXBuildFile; fileRef = C9888586273A9DB200708A7A /* RepositoryProtocols.swift */; };
		C9888589273A9E0900708A7A /* SearchRepository.swift in Sources */ = {isa = PBXBuildFile; fileRef = C9888588273A9E0900708A7A /* SearchRepository.swift */; };
		C988858B273A9E8E00708A7A /* MovieDetailsRepository.swift in Sources */ = {isa = PBXBuildFile; fileRef = C988858A273A9E8E00708A7A /* MovieDetailsRepository.swift */; };
		C9888590273A9F2900708A7A /* PodViewModelDelegate.swift in Sources */ = {isa = PBXBuildFile; fileRef = C988858F273A9F2900708A7A /* PodViewModelDelegate.swift */; };
		C9888592273A9F9600708A7A /* CollectionExtension.swift in Sources */ = {isa = PBXBuildFile; fileRef = C9888591273A9F9600708A7A /* CollectionExtension.swift */; };
		C9D25D4E273AB846004B96F5 /* MockedMovieDetailsRepository.swift in Sources */ = {isa = PBXBuildFile; fileRef = C9D25D4D273AB846004B96F5 /* MockedMovieDetailsRepository.swift */; };
		C9D25D50273AB856004B96F5 /* MockedSearchRepository.swift in Sources */ = {isa = PBXBuildFile; fileRef = C9D25D4F273AB856004B96F5 /* MockedSearchRepository.swift */; };
		C9D25D56273ABA53004B96F5 /* MovieDetailsRepositoryTests.swift in Sources */ = {isa = PBXBuildFile; fileRef = C9D25D55273ABA53004B96F5 /* MovieDetailsRepositoryTests.swift */; };
		C9D25D58273ABA8A004B96F5 /* SearchRepositoryTests.swift in Sources */ = {isa = PBXBuildFile; fileRef = C9D25D57273ABA8A004B96F5 /* SearchRepositoryTests.swift */; };
		C9D25D5A273ABBA9004B96F5 /* SearchViewModelTests.swift in Sources */ = {isa = PBXBuildFile; fileRef = C9D25D59273ABBA9004B96F5 /* SearchViewModelTests.swift */; };
		C9DFBA462769AE7400A8DB93 /* Service.swift in Sources */ = {isa = PBXBuildFile; fileRef = C9DFBA452769AE7400A8DB93 /* Service.swift */; };
/* End PBXBuildFile section */

/* Begin PBXContainerItemProxy section */
		C988856E273A998900708A7A /* PBXContainerItemProxy */ = {
			isa = PBXContainerItemProxy;
			containerPortal = C9888559273A998900708A7A /* Project object */;
			proxyType = 1;
			remoteGlobalIDString = C9888561273A998900708A7A;
			remoteInfo = OmdbSearchMovieDetails;
		};
/* End PBXContainerItemProxy section */

/* Begin PBXFileReference section */
		C9888562273A998900708A7A /* OmdbSearchMovieDetails.framework */ = {isa = PBXFileReference; explicitFileType = wrapper.framework; includeInIndex = 0; path = OmdbSearchMovieDetails.framework; sourceTree = BUILT_PRODUCTS_DIR; };
		C9888565273A998900708A7A /* OmdbSearchMovieDetails.h */ = {isa = PBXFileReference; lastKnownFileType = sourcecode.c.h; path = OmdbSearchMovieDetails.h; sourceTree = "<group>"; };
		C9888566273A998900708A7A /* OmdbSearchMovieDetails.docc */ = {isa = PBXFileReference; lastKnownFileType = folder.documentationcatalog; path = OmdbSearchMovieDetails.docc; sourceTree = "<group>"; };
		C988856C273A998900708A7A /* OmdbSearchMovieDetailsTests.xctest */ = {isa = PBXFileReference; explicitFileType = wrapper.cfbundle; includeInIndex = 0; path = OmdbSearchMovieDetailsTests.xctest; sourceTree = BUILT_PRODUCTS_DIR; };
		C988857F273A9C4C00708A7A /* SearchAndMovieDetailsModel.swift */ = {isa = PBXFileReference; lastKnownFileType = sourcecode.swift; path = SearchAndMovieDetailsModel.swift; sourceTree = "<group>"; };
		C9888581273A9D3100708A7A /* SearchViewModel.swift */ = {isa = PBXFileReference; lastKnownFileType = sourcecode.swift; path = SearchViewModel.swift; sourceTree = "<group>"; };
		C9888586273A9DB200708A7A /* RepositoryProtocols.swift */ = {isa = PBXFileReference; lastKnownFileType = sourcecode.swift; path = RepositoryProtocols.swift; sourceTree = "<group>"; };
		C9888588273A9E0900708A7A /* SearchRepository.swift */ = {isa = PBXFileReference; lastKnownFileType = sourcecode.swift; path = SearchRepository.swift; sourceTree = "<group>"; };
		C988858A273A9E8E00708A7A /* MovieDetailsRepository.swift */ = {isa = PBXFileReference; lastKnownFileType = sourcecode.swift; path = MovieDetailsRepository.swift; sourceTree = "<group>"; };
		C988858F273A9F2900708A7A /* PodViewModelDelegate.swift */ = {isa = PBXFileReference; lastKnownFileType = sourcecode.swift; path = PodViewModelDelegate.swift; sourceTree = "<group>"; };
		C9888591273A9F9600708A7A /* CollectionExtension.swift */ = {isa = PBXFileReference; lastKnownFileType = sourcecode.swift; path = CollectionExtension.swift; sourceTree = "<group>"; };
		C9D25D4D273AB846004B96F5 /* MockedMovieDetailsRepository.swift */ = {isa = PBXFileReference; lastKnownFileType = sourcecode.swift; path = MockedMovieDetailsRepository.swift; sourceTree = "<group>"; };
		C9D25D4F273AB856004B96F5 /* MockedSearchRepository.swift */ = {isa = PBXFileReference; lastKnownFileType = sourcecode.swift; path = MockedSearchRepository.swift; sourceTree = "<group>"; };
		C9D25D55273ABA53004B96F5 /* MovieDetailsRepositoryTests.swift */ = {isa = PBXFileReference; lastKnownFileType = sourcecode.swift; path = MovieDetailsRepositoryTests.swift; sourceTree = "<group>"; };
		C9D25D57273ABA8A004B96F5 /* SearchRepositoryTests.swift */ = {isa = PBXFileReference; lastKnownFileType = sourcecode.swift; path = SearchRepositoryTests.swift; sourceTree = "<group>"; };
		C9D25D59273ABBA9004B96F5 /* SearchViewModelTests.swift */ = {isa = PBXFileReference; lastKnownFileType = sourcecode.swift; path = SearchViewModelTests.swift; sourceTree = "<group>"; };
		C9DFBA452769AE7400A8DB93 /* Service.swift */ = {isa = PBXFileReference; lastKnownFileType = sourcecode.swift; path = Service.swift; sourceTree = "<group>"; };
/* End PBXFileReference section */

/* Begin PBXFrameworksBuildPhase section */
		C988855F273A998900708A7A /* Frameworks */ = {
			isa = PBXFrameworksBuildPhase;
			buildActionMask = 2147483647;
			files = (
			);
			runOnlyForDeploymentPostprocessing = 0;
		};
		C9888569273A998900708A7A /* Frameworks */ = {
			isa = PBXFrameworksBuildPhase;
			buildActionMask = 2147483647;
			files = (
				C988856D273A998900708A7A /* OmdbSearchMovieDetails.framework in Frameworks */,
			);
			runOnlyForDeploymentPostprocessing = 0;
		};
/* End PBXFrameworksBuildPhase section */

/* Begin PBXGroup section */
		C9888558273A998900708A7A = {
			isa = PBXGroup;
			children = (
				C9888564273A998900708A7A /* OmdbSearchMovieDetails */,
				C9888570273A998900708A7A /* OmdbSearchMovieDetailsTests */,
				C9888563273A998900708A7A /* Products */,
			);
			sourceTree = "<group>";
		};
		C9888563273A998900708A7A /* Products */ = {
			isa = PBXGroup;
			children = (
				C9888562273A998900708A7A /* OmdbSearchMovieDetails.framework */,
				C988856C273A998900708A7A /* OmdbSearchMovieDetailsTests.xctest */,
			);
			name = Products;
			sourceTree = "<group>";
		};
		C9888564273A998900708A7A /* OmdbSearchMovieDetails */ = {
			isa = PBXGroup;
			children = (
				C9DFBA442769AE6300A8DB93 /* Service */,
				C988857E273A9BE000708A7A /* Models */,
				C988857D273A9BA500708A7A /* ViewModel */,
				C988857C273A9B9A00708A7A /* Repository */,
				C9888565273A998900708A7A /* OmdbSearchMovieDetails.h */,
				C9888566273A998900708A7A /* OmdbSearchMovieDetails.docc */,
				C9888591273A9F9600708A7A /* CollectionExtension.swift */,
			);
			path = OmdbSearchMovieDetails;
			sourceTree = "<group>";
		};
		C9888570273A998900708A7A /* OmdbSearchMovieDetailsTests */ = {
			isa = PBXGroup;
			children = (
				C9D25D4D273AB846004B96F5 /* MockedMovieDetailsRepository.swift */,
				C9D25D4F273AB856004B96F5 /* MockedSearchRepository.swift */,
				C9D25D55273ABA53004B96F5 /* MovieDetailsRepositoryTests.swift */,
				C9D25D57273ABA8A004B96F5 /* SearchRepositoryTests.swift */,
				C9D25D59273ABBA9004B96F5 /* SearchViewModelTests.swift */,
			);
			path = OmdbSearchMovieDetailsTests;
			sourceTree = "<group>";
		};
		C988857C273A9B9A00708A7A /* Repository */ = {
			isa = PBXGroup;
			children = (
				C9888585273A9D9200708A7A /* Protocol */,
				C9888584273A9D5D00708A7A /* MovieDetailsRepository */,
				C9888583273A9D5100708A7A /* SearchRepository */,
			);
			path = Repository;
			sourceTree = "<group>";
		};
		C988857D273A9BA500708A7A /* ViewModel */ = {
			isa = PBXGroup;
			children = (
				C988858E273A9F1900708A7A /* Protocol */,
				C9888581273A9D3100708A7A /* SearchViewModel.swift */,
			);
			path = ViewModel;
			sourceTree = "<group>";
		};
		C988857E273A9BE000708A7A /* Models */ = {
			isa = PBXGroup;
			children = (
				C988857F273A9C4C00708A7A /* SearchAndMovieDetailsModel.swift */,
			);
			path = Models;
			sourceTree = "<group>";
		};
		C9888583273A9D5100708A7A /* SearchRepository */ = {
			isa = PBXGroup;
			children = (
				C9888588273A9E0900708A7A /* SearchRepository.swift */,
			);
			path = SearchRepository;
			sourceTree = "<group>";
		};
		C9888584273A9D5D00708A7A /* MovieDetailsRepository */ = {
			isa = PBXGroup;
			children = (
				C988858A273A9E8E00708A7A /* MovieDetailsRepository.swift */,
			);
			path = MovieDetailsRepository;
			sourceTree = "<group>";
		};
		C9888585273A9D9200708A7A /* Protocol */ = {
			isa = PBXGroup;
			children = (
				C9888586273A9DB200708A7A /* RepositoryProtocols.swift */,
			);
			path = Protocol;
			sourceTree = "<group>";
		};
		C988858E273A9F1900708A7A /* Protocol */ = {
			isa = PBXGroup;
			children = (
				C988858F273A9F2900708A7A /* PodViewModelDelegate.swift */,
			);
			path = Protocol;
			sourceTree = "<group>";
		};
		C9DFBA442769AE6300A8DB93 /* Service */ = {
			isa = PBXGroup;
			children = (
				C9DFBA452769AE7400A8DB93 /* Service.swift */,
			);
			path = Service;
			sourceTree = "<group>";
		};
/* End PBXGroup section */

/* Begin PBXHeadersBuildPhase section */
		C988855D273A998900708A7A /* Headers */ = {
			isa = PBXHeadersBuildPhase;
			buildActionMask = 2147483647;
			files = (
				C9888573273A998900708A7A /* OmdbSearchMovieDetails.h in Headers */,
			);
			runOnlyForDeploymentPostprocessing = 0;
		};
/* End PBXHeadersBuildPhase section */

/* Begin PBXNativeTarget section */
		C9888561273A998900708A7A /* OmdbSearchMovieDetails */ = {
			isa = PBXNativeTarget;
			buildConfigurationList = C9888576273A998900708A7A /* Build configuration list for PBXNativeTarget "OmdbSearchMovieDetails" */;
			buildPhases = (
				C988855D273A998900708A7A /* Headers */,
				C988855E273A998900708A7A /* Sources */,
				C988855F273A998900708A7A /* Frameworks */,
				C9888560273A998900708A7A /* Resources */,
			);
			buildRules = (
			);
			dependencies = (
			);
			name = OmdbSearchMovieDetails;
			productName = OmdbSearchMovieDetails;
			productReference = C9888562273A998900708A7A /* OmdbSearchMovieDetails.framework */;
			productType = "com.apple.product-type.framework";
		};
		C988856B273A998900708A7A /* OmdbSearchMovieDetailsTests */ = {
			isa = PBXNativeTarget;
			buildConfigurationList = C9888579273A998900708A7A /* Build configuration list for PBXNativeTarget "OmdbSearchMovieDetailsTests" */;
			buildPhases = (
				C9888568273A998900708A7A /* Sources */,
				C9888569273A998900708A7A /* Frameworks */,
				C988856A273A998900708A7A /* Resources */,
			);
			buildRules = (
			);
			dependencies = (
				C988856F273A998900708A7A /* PBXTargetDependency */,
			);
			name = OmdbSearchMovieDetailsTests;
			productName = OmdbSearchMovieDetailsTests;
			productReference = C988856C273A998900708A7A /* OmdbSearchMovieDetailsTests.xctest */;
			productType = "com.apple.product-type.bundle.unit-test";
		};
/* End PBXNativeTarget section */

/* Begin PBXProject section */
		C9888559273A998900708A7A /* Project object */ = {
			isa = PBXProject;
			attributes = {
				BuildIndependentTargetsInParallel = 1;
				LastSwiftUpdateCheck = 1310;
				LastUpgradeCheck = 1310;
				TargetAttributes = {
					C9888561273A998900708A7A = {
						CreatedOnToolsVersion = 13.1;
					};
					C988856B273A998900708A7A = {
						CreatedOnToolsVersion = 13.1;
					};
				};
			};
			buildConfigurationList = C988855C273A998900708A7A /* Build configuration list for PBXProject "OmdbSearchMovieDetails" */;
			compatibilityVersion = "Xcode 13.0";
			developmentRegion = en;
			hasScannedForEncodings = 0;
			knownRegions = (
				en,
				Base,
			);
			mainGroup = C9888558273A998900708A7A;
			productRefGroup = C9888563273A998900708A7A /* Products */;
			projectDirPath = "";
			projectRoot = "";
			targets = (
				C9888561273A998900708A7A /* OmdbSearchMovieDetails */,
				C988856B273A998900708A7A /* OmdbSearchMovieDetailsTests */,
			);
		};
/* End PBXProject section */

/* Begin PBXResourcesBuildPhase section */
		C9888560273A998900708A7A /* Resources */ = {
			isa = PBXResourcesBuildPhase;
			buildActionMask = 2147483647;
			files = (
			);
			runOnlyForDeploymentPostprocessing = 0;
		};
		C988856A273A998900708A7A /* Resources */ = {
			isa = PBXResourcesBuildPhase;
			buildActionMask = 2147483647;
			files = (
			);
			runOnlyForDeploymentPostprocessing = 0;
		};
/* End PBXResourcesBuildPhase section */

/* Begin PBXSourcesBuildPhase section */
		C988855E273A998900708A7A /* Sources */ = {
			isa = PBXSourcesBuildPhase;
			buildActionMask = 2147483647;
			files = (
				C9888582273A9D3100708A7A /* SearchViewModel.swift in Sources */,
				C9888587273A9DB200708A7A /* RepositoryProtocols.swift in Sources */,
				C9888589273A9E0900708A7A /* SearchRepository.swift in Sources */,
				C9888590273A9F2900708A7A /* PodViewModelDelegate.swift in Sources */,
				C988858B273A9E8E00708A7A /* MovieDetailsRepository.swift in Sources */,
				C9DFBA462769AE7400A8DB93 /* Service.swift in Sources */,
				C9888592273A9F9600708A7A /* CollectionExtension.swift in Sources */,
				C9888580273A9C4C00708A7A /* SearchAndMovieDetailsModel.swift in Sources */,
				C9888567273A998900708A7A /* OmdbSearchMovieDetails.docc in Sources */,
			);
			runOnlyForDeploymentPostprocessing = 0;
		};
		C9888568273A998900708A7A /* Sources */ = {
			isa = PBXSourcesBuildPhase;
			buildActionMask = 2147483647;
			files = (
				C9D25D50273AB856004B96F5 /* MockedSearchRepository.swift in Sources */,
				C9D25D4E273AB846004B96F5 /* MockedMovieDetailsRepository.swift in Sources */,
				C9D25D56273ABA53004B96F5 /* MovieDetailsRepositoryTests.swift in Sources */,
				C9D25D58273ABA8A004B96F5 /* SearchRepositoryTests.swift in Sources */,
				C9D25D5A273ABBA9004B96F5 /* SearchViewModelTests.swift in Sources */,
			);
			runOnlyForDeploymentPostprocessing = 0;
		};
/* End PBXSourcesBuildPhase section */

/* Begin PBXTargetDependency section */
		C988856F273A998900708A7A /* PBXTargetDependency */ = {
			isa = PBXTargetDependency;
			target = C9888561273A998900708A7A /* OmdbSearchMovieDetails */;
			targetProxy = C988856E273A998900708A7A /* PBXContainerItemProxy */;
		};
/* End PBXTargetDependency section */

/* Begin XCBuildConfiguration section */
		C9888574273A998900708A7A /* Debug */ = {
			isa = XCBuildConfiguration;
			buildSettings = {
				ALWAYS_SEARCH_USER_PATHS = NO;
				CLANG_ANALYZER_NONNULL = YES;
				CLANG_ANALYZER_NUMBER_OBJECT_CONVERSION = YES_AGGRESSIVE;
				CLANG_CXX_LANGUAGE_STANDARD = "gnu++17";
				CLANG_CXX_LIBRARY = "libc++";
				CLANG_ENABLE_MODULES = YES;
				CLANG_ENABLE_OBJC_ARC = YES;
				CLANG_ENABLE_OBJC_WEAK = YES;
				CLANG_WARN_BLOCK_CAPTURE_AUTORELEASING = YES;
				CLANG_WARN_BOOL_CONVERSION = YES;
				CLANG_WARN_COMMA = YES;
				CLANG_WARN_CONSTANT_CONVERSION = YES;
				CLANG_WARN_DEPRECATED_OBJC_IMPLEMENTATIONS = YES;
				CLANG_WARN_DIRECT_OBJC_ISA_USAGE = YES_ERROR;
				CLANG_WARN_DOCUMENTATION_COMMENTS = YES;
				CLANG_WARN_EMPTY_BODY = YES;
				CLANG_WARN_ENUM_CONVERSION = YES;
				CLANG_WARN_INFINITE_RECURSION = YES;
				CLANG_WARN_INT_CONVERSION = YES;
				CLANG_WARN_NON_LITERAL_NULL_CONVERSION = YES;
				CLANG_WARN_OBJC_IMPLICIT_RETAIN_SELF = YES;
				CLANG_WARN_OBJC_LITERAL_CONVERSION = YES;
				CLANG_WARN_OBJC_ROOT_CLASS = YES_ERROR;
				CLANG_WARN_QUOTED_INCLUDE_IN_FRAMEWORK_HEADER = YES;
				CLANG_WARN_RANGE_LOOP_ANALYSIS = YES;
				CLANG_WARN_STRICT_PROTOTYPES = YES;
				CLANG_WARN_SUSPICIOUS_MOVE = YES;
				CLANG_WARN_UNGUARDED_AVAILABILITY = YES_AGGRESSIVE;
				CLANG_WARN_UNREACHABLE_CODE = YES;
				CLANG_WARN__DUPLICATE_METHOD_MATCH = YES;
				COPY_PHASE_STRIP = NO;
				CURRENT_PROJECT_VERSION = 1;
				DEBUG_INFORMATION_FORMAT = dwarf;
				ENABLE_STRICT_OBJC_MSGSEND = YES;
				ENABLE_TESTABILITY = YES;
				GCC_C_LANGUAGE_STANDARD = gnu11;
				GCC_DYNAMIC_NO_PIC = NO;
				GCC_NO_COMMON_BLOCKS = YES;
				GCC_OPTIMIZATION_LEVEL = 0;
				GCC_PREPROCESSOR_DEFINITIONS = (
					"DEBUG=1",
					"$(inherited)",
				);
				GCC_WARN_64_TO_32_BIT_CONVERSION = YES;
				GCC_WARN_ABOUT_RETURN_TYPE = YES_ERROR;
				GCC_WARN_UNDECLARED_SELECTOR = YES;
				GCC_WARN_UNINITIALIZED_AUTOS = YES_AGGRESSIVE;
				GCC_WARN_UNUSED_FUNCTION = YES;
				GCC_WARN_UNUSED_VARIABLE = YES;
				IPHONEOS_DEPLOYMENT_TARGET = 15.0;
				MTL_ENABLE_DEBUG_INFO = INCLUDE_SOURCE;
				MTL_FAST_MATH = YES;
				ONLY_ACTIVE_ARCH = YES;
				SDKROOT = iphoneos;
				SWIFT_ACTIVE_COMPILATION_CONDITIONS = DEBUG;
				SWIFT_OPTIMIZATION_LEVEL = "-Onone";
				VERSIONING_SYSTEM = "apple-generic";
				VERSION_INFO_PREFIX = "";
			};
			name = Debug;
		};
		C9888575273A998900708A7A /* Release */ = {
			isa = XCBuildConfiguration;
			buildSettings = {
				ALWAYS_SEARCH_USER_PATHS = NO;
				CLANG_ANALYZER_NONNULL = YES;
				CLANG_ANALYZER_NUMBER_OBJECT_CONVERSION = YES_AGGRESSIVE;
				CLANG_CXX_LANGUAGE_STANDARD = "gnu++17";
				CLANG_CXX_LIBRARY = "libc++";
				CLANG_ENABLE_MODULES = YES;
				CLANG_ENABLE_OBJC_ARC = YES;
				CLANG_ENABLE_OBJC_WEAK = YES;
				CLANG_WARN_BLOCK_CAPTURE_AUTORELEASING = YES;
				CLANG_WARN_BOOL_CONVERSION = YES;
				CLANG_WARN_COMMA = YES;
				CLANG_WARN_CONSTANT_CONVERSION = YES;
				CLANG_WARN_DEPRECATED_OBJC_IMPLEMENTATIONS = YES;
				CLANG_WARN_DIRECT_OBJC_ISA_USAGE = YES_ERROR;
				CLANG_WARN_DOCUMENTATION_COMMENTS = YES;
				CLANG_WARN_EMPTY_BODY = YES;
				CLANG_WARN_ENUM_CONVERSION = YES;
				CLANG_WARN_INFINITE_RECURSION = YES;
				CLANG_WARN_INT_CONVERSION = YES;
				CLANG_WARN_NON_LITERAL_NULL_CONVERSION = YES;
				CLANG_WARN_OBJC_IMPLICIT_RETAIN_SELF = YES;
				CLANG_WARN_OBJC_LITERAL_CONVERSION = YES;
				CLANG_WARN_OBJC_ROOT_CLASS = YES_ERROR;
				CLANG_WARN_QUOTED_INCLUDE_IN_FRAMEWORK_HEADER = YES;
				CLANG_WARN_RANGE_LOOP_ANALYSIS = YES;
				CLANG_WARN_STRICT_PROTOTYPES = YES;
				CLANG_WARN_SUSPICIOUS_MOVE = YES;
				CLANG_WARN_UNGUARDED_AVAILABILITY = YES_AGGRESSIVE;
				CLANG_WARN_UNREACHABLE_CODE = YES;
				CLANG_WARN__DUPLICATE_METHOD_MATCH = YES;
				COPY_PHASE_STRIP = NO;
				CURRENT_PROJECT_VERSION = 1;
				DEBUG_INFORMATION_FORMAT = "dwarf-with-dsym";
				ENABLE_NS_ASSERTIONS = NO;
				ENABLE_STRICT_OBJC_MSGSEND = YES;
				GCC_C_LANGUAGE_STANDARD = gnu11;
				GCC_NO_COMMON_BLOCKS = YES;
				GCC_WARN_64_TO_32_BIT_CONVERSION = YES;
				GCC_WARN_ABOUT_RETURN_TYPE = YES_ERROR;
				GCC_WARN_UNDECLARED_SELECTOR = YES;
				GCC_WARN_UNINITIALIZED_AUTOS = YES_AGGRESSIVE;
				GCC_WARN_UNUSED_FUNCTION = YES;
				GCC_WARN_UNUSED_VARIABLE = YES;
				IPHONEOS_DEPLOYMENT_TARGET = 15.0;
				MTL_ENABLE_DEBUG_INFO = NO;
				MTL_FAST_MATH = YES;
				SDKROOT = iphoneos;
				SWIFT_COMPILATION_MODE = wholemodule;
				SWIFT_OPTIMIZATION_LEVEL = "-O";
				VALIDATE_PRODUCT = YES;
				VERSIONING_SYSTEM = "apple-generic";
				VERSION_INFO_PREFIX = "";
			};
			name = Release;
		};
		C9888577273A998900708A7A /* Debug */ = {
			isa = XCBuildConfiguration;
			buildSettings = {
				CODE_SIGN_STYLE = Automatic;
				CURRENT_PROJECT_VERSION = 1;
				DEFINES_MODULE = YES;
				DEVELOPMENT_TEAM = 8HDT7RV6K9;
				DYLIB_COMPATIBILITY_VERSION = 1;
				DYLIB_CURRENT_VERSION = 1;
				DYLIB_INSTALL_NAME_BASE = "@rpath";
				GENERATE_INFOPLIST_FILE = YES;
				INFOPLIST_KEY_NSHumanReadableCopyright = "";
				INSTALL_PATH = "$(LOCAL_LIBRARY_DIR)/Frameworks";
				LD_RUNPATH_SEARCH_PATHS = (
					"$(inherited)",
					"@executable_path/Frameworks",
					"@loader_path/Frameworks",
				);
				MARKETING_VERSION = 1.0;
				PRODUCT_BUNDLE_IDENTIFIER = com.RuanJP.OmdbSearchMovieDetails;
				PRODUCT_NAME = "$(TARGET_NAME:c99extidentifier)";
				SKIP_INSTALL = YES;
				SWIFT_EMIT_LOC_STRINGS = YES;
				SWIFT_VERSION = 5.0;
				TARGETED_DEVICE_FAMILY = "1,2";
			};
			name = Debug;
		};
		C9888578273A998900708A7A /* Release */ = {
			isa = XCBuildConfiguration;
			buildSettings = {
				CODE_SIGN_STYLE = Automatic;
				CURRENT_PROJECT_VERSION = 1;
				DEFINES_MODULE = YES;
				DEVELOPMENT_TEAM = 8HDT7RV6K9;
				DYLIB_COMPATIBILITY_VERSION = 1;
				DYLIB_CURRENT_VERSION = 1;
				DYLIB_INSTALL_NAME_BASE = "@rpath";
				GENERATE_INFOPLIST_FILE = YES;
				INFOPLIST_KEY_NSHumanReadableCopyright = "";
				INSTALL_PATH = "$(LOCAL_LIBRARY_DIR)/Frameworks";
				LD_RUNPATH_SEARCH_PATHS = (
					"$(inherited)",
					"@executable_path/Frameworks",
					"@loader_path/Frameworks",
				);
				MARKETING_VERSION = 1.0;
				PRODUCT_BUNDLE_IDENTIFIER = com.RuanJP.OmdbSearchMovieDetails;
				PRODUCT_NAME = "$(TARGET_NAME:c99extidentifier)";
				SKIP_INSTALL = YES;
				SWIFT_EMIT_LOC_STRINGS = YES;
				SWIFT_VERSION = 5.0;
				TARGETED_DEVICE_FAMILY = "1,2";
			};
			name = Release;
		};
		C988857A273A998900708A7A /* Debug */ = {
			isa = XCBuildConfiguration;
			buildSettings = {
				ALWAYS_EMBED_SWIFT_STANDARD_LIBRARIES = YES;
				CODE_SIGN_STYLE = Automatic;
				CURRENT_PROJECT_VERSION = 1;
				DEVELOPMENT_TEAM = 8HDT7RV6K9;
				GENERATE_INFOPLIST_FILE = YES;
				LD_RUNPATH_SEARCH_PATHS = (
					"$(inherited)",
					"@executable_path/Frameworks",
					"@loader_path/Frameworks",
				);
				MARKETING_VERSION = 1.0;
				PRODUCT_BUNDLE_IDENTIFIER = com.RuanJP.OmdbSearchMovieDetailsTests;
				PRODUCT_NAME = "$(TARGET_NAME)";
				SWIFT_EMIT_LOC_STRINGS = NO;
				SWIFT_VERSION = 5.0;
				TARGETED_DEVICE_FAMILY = "1,2";
			};
			name = Debug;
		};
		C988857B273A998900708A7A /* Release */ = {
			isa = XCBuildConfiguration;
			buildSettings = {
				ALWAYS_EMBED_SWIFT_STANDARD_LIBRARIES = YES;
				CODE_SIGN_STYLE = Automatic;
				CURRENT_PROJECT_VERSION = 1;
				DEVELOPMENT_TEAM = 8HDT7RV6K9;
				GENERATE_INFOPLIST_FILE = YES;
				LD_RUNPATH_SEARCH_PATHS = (
					"$(inherited)",
					"@executable_path/Frameworks",
					"@loader_path/Frameworks",
				);
				MARKETING_VERSION = 1.0;
				PRODUCT_BUNDLE_IDENTIFIER = com.RuanJP.OmdbSearchMovieDetailsTests;
				PRODUCT_NAME = "$(TARGET_NAME)";
				SWIFT_EMIT_LOC_STRINGS = NO;
				SWIFT_VERSION = 5.0;
				TARGETED_DEVICE_FAMILY = "1,2";
			};
			name = Release;
		};
/* End XCBuildConfiguration section */

/* Begin XCConfigurationList section */
		C988855C273A998900708A7A /* Build configuration list for PBXProject "OmdbSearchMovieDetails" */ = {
			isa = XCConfigurationList;
			buildConfigurations = (
				C9888574273A998900708A7A /* Debug */,
				C9888575273A998900708A7A /* Release */,
			);
			defaultConfigurationIsVisible = 0;
			defaultConfigurationName = Release;
		};
		C9888576273A998900708A7A /* Build configuration list for PBXNativeTarget "OmdbSearchMovieDetails" */ = {
			isa = XCConfigurationList;
			buildConfigurations = (
				C9888577273A998900708A7A /* Debug */,
				C9888578273A998900708A7A /* Release */,
			);
			defaultConfigurationIsVisible = 0;
			defaultConfigurationName = Release;
		};
		C9888579273A998900708A7A /* Build configuration list for PBXNativeTarget "OmdbSearchMovieDetailsTests" */ = {
			isa = XCConfigurationList;
			buildConfigurations = (
				C988857A273A998900708A7A /* Debug */,
				C988857B273A998900708A7A /* Release */,
			);
			defaultConfigurationIsVisible = 0;
			defaultConfigurationName = Release;
		};
/* End XCConfigurationList section */
	};
	rootObject = C9888559273A998900708A7A /* Project object */;
}
